
Microsoft Visual Studio Solution File, Format Version 12.00
# Visual Studio Version 17
VisualStudioVersion = 17.3.32929.385
MinimumVisualStudioVersion = 10.0.40219.1
Project("{FAE04EC0-301F-11D3-BF4B-00C04F79EFBC}") = "PlayersAdminPortal", "PlayersAdminPortal\PlayersAdminPortal.csproj", "{71F682DB-05B0-430E-B55C-952682F10E33}"
EndProject
Global
	GlobalSection(SolutionConfigurationPlatforms) = preSolution
		Debug|Any CPU = Debug|Any CPU
		Release|Any CPU = Release|Any CPU
	EndGlobalSection
	GlobalSection(ProjectConfigurationPlatforms) = postSolution
		{71F682DB-05B0-430E-B55C-952682F10E33}.Debug|Any CPU.ActiveCfg = Debug|Any CPU
		{71F682DB-05B0-430E-B55C-952682F10E33}.Debug|Any CPU.Build.0 = Debug|Any CPU
		{71F682DB-05B0-430E-B55C-952682F10E33}.Release|Any CPU.ActiveCfg = Release|Any CPU
		{71F682DB-05B0-430E-B55C-952682F10E33}.Release|Any CPU.Build.0 = Release|Any CPU
	EndGlobalSection
	GlobalSection(SolutionProperties) = preSolution
		HideSolutionNode = FALSE
	EndGlobalSection
	GlobalSection(ExtensibilityGlobals) = postSolution
		SolutionGuid = {0E1CF854-3502-4888-B062-E2AAC911733B}
	EndGlobalSection
EndGlobal
